
Microsoft Visual Studio Solution File, Format Version 12.00
# Visual Studio Version 16
VisualStudioVersion = 16.0.29324.140
MinimumVisualStudioVersion = 10.0.40219.1
Project("{FAE04EC0-301F-11D3-BF4B-00C04F79EFBC}") = "LoggerLesson", "LoggerLesson\LoggerLesson.csproj", "{3FAD546B-9D9D-4170-9D85-AFE6CFD91970}"
EndProject
Global
	GlobalSection(SolutionConfigurationPlatforms) = preSolution
		Debug|Any CPU = Debug|Any CPU
		Release|Any CPU = Release|Any CPU
	EndGlobalSection
	GlobalSection(ProjectConfigurationPlatforms) = postSolution
		{3FAD546B-9D9D-4170-9D85-AFE6CFD91970}.Debug|Any CPU.ActiveCfg = Debug|Any CPU
		{3FAD546B-9D9D-4170-9D85-AFE6CFD91970}.Debug|Any CPU.Build.0 = Debug|Any CPU
		{3FAD546B-9D9D-4170-9D85-AFE6CFD91970}.Release|Any CPU.ActiveCfg = Release|Any CPU
		{3FAD546B-9D9D-4170-9D85-AFE6CFD91970}.Release|Any CPU.Build.0 = Release|Any CPU
	EndGlobalSection
	GlobalSection(SolutionProperties) = preSolution
		HideSolutionNode = FALSE
	EndGlobalSection
	GlobalSection(ExtensibilityGlobals) = postSolution
		SolutionGuid = {BEF9183C-186C-487C-AA99-FF84C42AB785}
	EndGlobalSection
EndGlobal
